
Microsoft Visual Studio Solution File, Format Version 12.00
# Visual Studio Version 17
VisualStudioVersion = 17.4.33122.133
MinimumVisualStudioVersion = 10.0.40219.1
Project("{FAE04EC0-301F-11D3-BF4B-00C04F79EFBC}") = "TestFile1", "TestFile1\TestFile1.csproj", "{11284825-2D42-412F-9E8B-88AE2459BDDF}"
EndProject
Project("{FAE04EC0-301F-11D3-BF4B-00C04F79EFBC}") = "TestAPI", "TestAPI\TestAPI.csproj", "{00469882-98B0-4D99-9741-864F46C3546D}"
EndProject
Project("{FAE04EC0-301F-11D3-BF4B-00C04F79EFBC}") = "GSB.AlternativeScore.Utils", "GSB.AlternativeScore.Utils\GSB.AlternativeScore.Utils.csproj", "{2D4A5F13-7190-44E2-AF05-46535CDBF200}"
EndProject
Global
	GlobalSection(SolutionConfigurationPlatforms) = preSolution
		Debug|Any CPU = Debug|Any CPU
		Release|Any CPU = Release|Any CPU
	EndGlobalSection
	GlobalSection(ProjectConfigurationPlatforms) = postSolution
		{11284825-2D42-412F-9E8B-88AE2459BDDF}.Debug|Any CPU.ActiveCfg = Debug|Any CPU
		{11284825-2D42-412F-9E8B-88AE2459BDDF}.Debug|Any CPU.Build.0 = Debug|Any CPU
		{11284825-2D42-412F-9E8B-88AE2459BDDF}.Release|Any CPU.ActiveCfg = Release|Any CPU
		{11284825-2D42-412F-9E8B-88AE2459BDDF}.Release|Any CPU.Build.0 = Release|Any CPU
		{00469882-98B0-4D99-9741-864F46C3546D}.Debug|Any CPU.ActiveCfg = Debug|Any CPU
		{00469882-98B0-4D99-9741-864F46C3546D}.Debug|Any CPU.Build.0 = Debug|Any CPU
		{00469882-98B0-4D99-9741-864F46C3546D}.Release|Any CPU.ActiveCfg = Release|Any CPU
		{00469882-98B0-4D99-9741-864F46C3546D}.Release|Any CPU.Build.0 = Release|Any CPU
		{2D4A5F13-7190-44E2-AF05-46535CDBF200}.Debug|Any CPU.ActiveCfg = Debug|Any CPU
		{2D4A5F13-7190-44E2-AF05-46535CDBF200}.Debug|Any CPU.Build.0 = Debug|Any CPU
		{2D4A5F13-7190-44E2-AF05-46535CDBF200}.Release|Any CPU.ActiveCfg = Release|Any CPU
		{2D4A5F13-7190-44E2-AF05-46535CDBF200}.Release|Any CPU.Build.0 = Release|Any CPU
	EndGlobalSection
	GlobalSection(SolutionProperties) = preSolution
		HideSolutionNode = FALSE
	EndGlobalSection
	GlobalSection(ExtensibilityGlobals) = postSolution
		SolutionGuid = {68723158-8C19-462E-BEF5-0BAA0C31C60F}
	EndGlobalSection
EndGlobal
